
Microsoft Visual Studio Solution File, Format Version 12.00
# Visual Studio 15
Project("{FAE04EC0-301F-11D3-BF4B-00C04F79EFBC}") = "EntityFrameworkAssignment", "EntityFrameworkAssignment\EntityFrameworkAssignment.csproj", "{DDE66334-BFA1-49AA-913B-555A862D6C1B}"
EndProject
Global
	GlobalSection(SolutionConfigurationPlatforms) = preSolution
		Debug|Any CPU = Debug|Any CPU
		Release|Any CPU = Release|Any CPU
	EndGlobalSection
	GlobalSection(ProjectConfigurationPlatforms) = postSolution
		{DDE66334-BFA1-49AA-913B-555A862D6C1B}.Debug|Any CPU.ActiveCfg = Debug|Any CPU
		{DDE66334-BFA1-49AA-913B-555A862D6C1B}.Debug|Any CPU.Build.0 = Debug|Any CPU
		{DDE66334-BFA1-49AA-913B-555A862D6C1B}.Release|Any CPU.ActiveCfg = Release|Any CPU
		{DDE66334-BFA1-49AA-913B-555A862D6C1B}.Release|Any CPU.Build.0 = Release|Any CPU
	EndGlobalSection
EndGlobal
